
Microsoft Visual Studio Solution File, Format Version 12.00
# Visual Studio Version 17
VisualStudioVersion = 17.13.35919.96
MinimumVisualStudioVersion = 10.0.40219.1
Project("{FAE04EC0-301F-11D3-BF4B-00C04F79EFBC}") = "Updater", "Updater.csproj", "{E1EDCE60-70C5-40CB-80B2-84212ACA6404}"
EndProject
Global
	GlobalSection(SolutionConfigurationPlatforms) = preSolution
		Debug|Any CPU = Debug|Any CPU
		Release|Any CPU = Release|Any CPU
	EndGlobalSection
	GlobalSection(ProjectConfigurationPlatforms) = postSolution
		{E1EDCE60-70C5-40CB-80B2-84212ACA6404}.Debug|Any CPU.ActiveCfg = Debug|Any CPU
		{E1EDCE60-70C5-40CB-80B2-84212ACA6404}.Debug|Any CPU.Build.0 = Debug|Any CPU
		{E1EDCE60-70C5-40CB-80B2-84212ACA6404}.Release|Any CPU.ActiveCfg = Release|Any CPU
		{E1EDCE60-70C5-40CB-80B2-84212ACA6404}.Release|Any CPU.Build.0 = Release|Any CPU
	EndGlobalSection
	GlobalSection(SolutionProperties) = preSolution
		HideSolutionNode = FALSE
	EndGlobalSection
	GlobalSection(ExtensibilityGlobals) = postSolution
		SolutionGuid = {5895790F-86BC-4140-A5AF-28EEE45E5A1F}
	EndGlobalSection
EndGlobal
